// !$*UTF8*$!
{
	archiveVersion = 1;
	classes = {
	};
	objectVersion = 50;
	objects = {

/* Begin PBXBuildFile section */
		A00A78F5248D843000A43AB9 /* AppDelegate.swift in Sources */ = {isa = PBXBuildFile; fileRef = A00A78F4248D843000A43AB9 /* AppDelegate.swift */; };
		A00A78F7248D843000A43AB9 /* SceneDelegate.swift in Sources */ = {isa = PBXBuildFile; fileRef = A00A78F6248D843000A43AB9 /* SceneDelegate.swift */; };
		A00A78F9248D843000A43AB9 /* ContentView.swift in Sources */ = {isa = PBXBuildFile; fileRef = A00A78F8248D843000A43AB9 /* ContentView.swift */; };
		A00A78FB248D843300A43AB9 /* Assets.xcassets in Resources */ = {isa = PBXBuildFile; fileRef = A00A78FA248D843300A43AB9 /* Assets.xcassets */; };
		A00A78FE248D843300A43AB9 /* Preview Assets.xcassets in Resources */ = {isa = PBXBuildFile; fileRef = A00A78FD248D843300A43AB9 /* Preview Assets.xcassets */; };
		A00A7901248D843300A43AB9 /* LaunchScreen.storyboard in Resources */ = {isa = PBXBuildFile; fileRef = A00A78FF248D843300A43AB9 /* LaunchScreen.storyboard */; };
		A00A790C248D843300A43AB9 /* tasksTests.swift in Sources */ = {isa = PBXBuildFile; fileRef = A00A790B248D843300A43AB9 /* tasksTests.swift */; };
		A00A7917248D843300A43AB9 /* tasksUITests.swift in Sources */ = {isa = PBXBuildFile; fileRef = A00A7916248D843300A43AB9 /* tasksUITests.swift */; };
/* End PBXBuildFile section */

/* Begin PBXContainerItemProxy section */
		A00A7908248D843300A43AB9 /* PBXContainerItemProxy */ = {
			isa = PBXContainerItemProxy;
			containerPortal = A00A78E9248D843000A43AB9 /* Project object */;
			proxyType = 1;
			remoteGlobalIDString = A00A78F0248D843000A43AB9;
			remoteInfo = tasks;
		};
		A00A7913248D843300A43AB9 /* PBXContainerItemProxy */ = {
			isa = PBXContainerItemProxy;
			containerPortal = A00A78E9248D843000A43AB9 /* Project object */;
			proxyType = 1;
			remoteGlobalIDString = A00A78F0248D843000A43AB9;
			remoteInfo = tasks;
		};
/* End PBXContainerItemProxy section */

/* Begin PBXFileReference section */
		A00A78F1248D843000A43AB9 /* tasks.app */ = {isa = PBXFileReference; explicitFileType = wrapper.application; includeInIndex = 0; path = tasks.app; sourceTree = BUILT_PRODUCTS_DIR; };
		A00A78F4248D843000A43AB9 /* AppDelegate.swift */ = {isa = PBXFileReference; lastKnownFileType = sourcecode.swift; path = AppDelegate.swift; sourceTree = "<group>"; };
		A00A78F6248D843000A43AB9 /* SceneDelegate.swift */ = {isa = PBXFileReference; lastKnownFileType = sourcecode.swift; path = SceneDelegate.swift; sourceTree = "<group>"; };
		A00A78F8248D843000A43AB9 /* ContentView.swift */ = {isa = PBXFileReference; lastKnownFileType = sourcecode.swift; path = ContentView.swift; sourceTree = "<group>"; };
		A00A78FA248D843300A43AB9 /* Assets.xcassets */ = {isa = PBXFileReference; lastKnownFileType = folder.assetcatalog; path = Assets.xcassets; sourceTree = "<group>"; };
		A00A78FD248D843300A43AB9 /* Preview Assets.xcassets */ = {isa = PBXFileReference; lastKnownFileType = folder.assetcatalog; path = "Preview Assets.xcassets"; sourceTree = "<group>"; };
		A00A7900248D843300A43AB9 /* Base */ = {isa = PBXFileReference; lastKnownFileType = file.storyboard; name = Base; path = Base.lproj/LaunchScreen.storyboard; sourceTree = "<group>"; };
		A00A7902248D843300A43AB9 /* Info.plist */ = {isa = PBXFileReference; lastKnownFileType = text.plist.xml; path = Info.plist; sourceTree = "<group>"; };
		A00A7907248D843300A43AB9 /* tasksTests.xctest */ = {isa = PBXFileReference; explicitFileType = wrapper.cfbundle; includeInIndex = 0; path = tasksTests.xctest; sourceTree = BUILT_PRODUCTS_DIR; };
		A00A790B248D843300A43AB9 /* tasksTests.swift */ = {isa = PBXFileReference; lastKnownFileType = sourcecode.swift; path = tasksTests.swift; sourceTree = "<group>"; };
		A00A790D248D843300A43AB9 /* Info.plist */ = {isa = PBXFileReference; lastKnownFileType = text.plist.xml; path = Info.plist; sourceTree = "<group>"; };
		A00A7912248D843300A43AB9 /* tasksUITests.xctest */ = {isa = PBXFileReference; explicitFileType = wrapper.cfbundle; includeInIndex = 0; path = tasksUITests.xctest; sourceTree = BUILT_PRODUCTS_DIR; };
		A00A7916248D843300A43AB9 /* tasksUITests.swift */ = {isa = PBXFileReference; lastKnownFileType = sourcecode.swift; path = tasksUITests.swift; sourceTree = "<group>"; };
		A00A7918248D843300A43AB9 /* Info.plist */ = {isa = PBXFileReference; lastKnownFileType = text.plist.xml; path = Info.plist; sourceTree = "<group>"; };
/* End PBXFileReference section */

/* Begin PBXFrameworksBuildPhase section */
		A00A78EE248D843000A43AB9 /* Frameworks */ = {
			isa = PBXFrameworksBuildPhase;
			buildActionMask = 2147483647;
			files = (
			);
			runOnlyForDeploymentPostprocessing = 0;
		};
		A00A7904248D843300A43AB9 /* Frameworks */ = {
			isa = PBXFrameworksBuildPhase;
			buildActionMask = 2147483647;
			files = (
			);
			runOnlyForDeploymentPostprocessing = 0;
		};
		A00A790F248D843300A43AB9 /* Frameworks */ = {
			isa = PBXFrameworksBuildPhase;
			buildActionMask = 2147483647;
			files = (
			);
			runOnlyForDeploymentPostprocessing = 0;
		};
/* End PBXFrameworksBuildPhase section */

/* Begin PBXGroup section */
		A00A78E8248D843000A43AB9 = {
			isa = PBXGroup;
			children = (
				A00A78F3248D843000A43AB9 /* tasks */,
				A00A790A248D843300A43AB9 /* tasksTests */,
				A00A7915248D843300A43AB9 /* tasksUITests */,
				A00A78F2248D843000A43AB9 /* Products */,
			);
			sourceTree = "<group>";
		};
		A00A78F2248D843000A43AB9 /* Products */ = {
			isa = PBXGroup;
			children = (
				A00A78F1248D843000A43AB9 /* tasks.app */,
				A00A7907248D843300A43AB9 /* tasksTests.xctest */,
				A00A7912248D843300A43AB9 /* tasksUITests.xctest */,
			);
			name = Products;
			sourceTree = "<group>";
		};
		A00A78F3248D843000A43AB9 /* tasks */ = {
			isa = PBXGroup;
			children = (
				A00A78F4248D843000A43AB9 /* AppDelegate.swift */,
				A00A78F6248D843000A43AB9 /* SceneDelegate.swift */,
				A00A78F8248D843000A43AB9 /* ContentView.swift */,
				A00A78FA248D843300A43AB9 /* Assets.xcassets */,
				A00A78FF248D843300A43AB9 /* LaunchScreen.storyboard */,
				A00A7902248D843300A43AB9 /* Info.plist */,
				A00A78FC248D843300A43AB9 /* Preview Content */,
			);
			path = tasks;
			sourceTree = "<group>";
		};
		A00A78FC248D843300A43AB9 /* Preview Content */ = {
			isa = PBXGroup;
			children = (
				A00A78FD248D843300A43AB9 /* Preview Assets.xcassets */,
			);
			path = "Preview Content";
			sourceTree = "<group>";
		};
		A00A790A248D843300A43AB9 /* tasksTests */ = {
			isa = PBXGroup;
			children = (
				A00A790B248D843300A43AB9 /* tasksTests.swift */,
				A00A790D248D843300A43AB9 /* Info.plist */,
			);
			path = tasksTests;
			sourceTree = "<group>";
		};
		A00A7915248D843300A43AB9 /* tasksUITests */ = {
			isa = PBXGroup;
			children = (
				A00A7916248D843300A43AB9 /* tasksUITests.swift */,
				A00A7918248D843300A43AB9 /* Info.plist */,
			);
			path = tasksUITests;
			sourceTree = "<group>";
		};
/* End PBXGroup section */

/* Begin PBXNativeTarget section */
		A00A78F0248D843000A43AB9 /* tasks */ = {
			isa = PBXNativeTarget;
			buildConfigurationList = A00A791B248D843300A43AB9 /* Build configuration list for PBXNativeTarget "tasks" */;
			buildPhases = (
				A00A78ED248D843000A43AB9 /* Sources */,
				A00A78EE248D843000A43AB9 /* Frameworks */,
				A00A78EF248D843000A43AB9 /* Resources */,
			);
			buildRules = (
			);
			dependencies = (
			);
			name = tasks;
			productName = tasks;
			productReference = A00A78F1248D843000A43AB9 /* tasks.app */;
			productType = "com.apple.product-type.application";
		};
		A00A7906248D843300A43AB9 /* tasksTests */ = {
			isa = PBXNativeTarget;
			buildConfigurationList = A00A791E248D843300A43AB9 /* Build configuration list for PBXNativeTarget "tasksTests" */;
			buildPhases = (
				A00A7903248D843300A43AB9 /* Sources */,
				A00A7904248D843300A43AB9 /* Frameworks */,
				A00A7905248D843300A43AB9 /* Resources */,
			);
			buildRules = (
			);
			dependencies = (
				A00A7909248D843300A43AB9 /* PBXTargetDependency */,
			);
			name = tasksTests;
			productName = tasksTests;
			productReference = A00A7907248D843300A43AB9 /* tasksTests.xctest */;
			productType = "com.apple.product-type.bundle.unit-test";
		};
		A00A7911248D843300A43AB9 /* tasksUITests */ = {
			isa = PBXNativeTarget;
			buildConfigurationList = A00A7921248D843300A43AB9 /* Build configuration list for PBXNativeTarget "tasksUITests" */;
			buildPhases = (
				A00A790E248D843300A43AB9 /* Sources */,
				A00A790F248D843300A43AB9 /* Frameworks */,
				A00A7910248D843300A43AB9 /* Resources */,
			);
			buildRules = (
			);
			dependencies = (
				A00A7914248D843300A43AB9 /* PBXTargetDependency */,
			);
			name = tasksUITests;
			productName = tasksUITests;
			productReference = A00A7912248D843300A43AB9 /* tasksUITests.xctest */;
			productType = "com.apple.product-type.bundle.ui-testing";
		};
/* End PBXNativeTarget section */

/* Begin PBXProject section */
		A00A78E9248D843000A43AB9 /* Project object */ = {
			isa = PBXProject;
			attributes = {
				LastSwiftUpdateCheck = 1150;
				LastUpgradeCheck = 1150;
				ORGANIZATIONNAME = "Lisandro Falconi";
				TargetAttributes = {
					A00A78F0248D843000A43AB9 = {
						CreatedOnToolsVersion = 11.5;
					};
					A00A7906248D843300A43AB9 = {
						CreatedOnToolsVersion = 11.5;
						TestTargetID = A00A78F0248D843000A43AB9;
					};
					A00A7911248D843300A43AB9 = {
						CreatedOnToolsVersion = 11.5;
						TestTargetID = A00A78F0248D843000A43AB9;
					};
				};
			};
			buildConfigurationList = A00A78EC248D843000A43AB9 /* Build configuration list for PBXProject "tasks" */;
			compatibilityVersion = "Xcode 9.3";
			developmentRegion = en;
			hasScannedForEncodings = 0;
			knownRegions = (
				en,
				Base,
			);
			mainGroup = A00A78E8248D843000A43AB9;
			productRefGroup = A00A78F2248D843000A43AB9 /* Products */;
			projectDirPath = "";
			projectRoot = "";
			targets = (
				A00A78F0248D843000A43AB9 /* tasks */,
				A00A7906248D843300A43AB9 /* tasksTests */,
				A00A7911248D843300A43AB9 /* tasksUITests */,
			);
		};
/* End PBXProject section */

/* Begin PBXResourcesBuildPhase section */
		A00A78EF248D843000A43AB9 /* Resources */ = {
			isa = PBXResourcesBuildPhase;
			buildActionMask = 2147483647;
			files = (
				A00A7901248D843300A43AB9 /* LaunchScreen.storyboard in Resources */,
				A00A78FE248D843300A43AB9 /* Preview Assets.xcassets in Resources */,
				A00A78FB248D843300A43AB9 /* Assets.xcassets in Resources */,
			);
			runOnlyForDeploymentPostprocessing = 0;
		};
		A00A7905248D843300A43AB9 /* Resources */ = {
			isa = PBXResourcesBuildPhase;
			buildActionMask = 2147483647;
			files = (
			);
			runOnlyForDeploymentPostprocessing = 0;
		};
		A00A7910248D843300A43AB9 /* Resources */ = {
			isa = PBXResourcesBuildPhase;
			buildActionMask = 2147483647;
			files = (
			);
			runOnlyForDeploymentPostprocessing = 0;
		};
/* End PBXResourcesBuildPhase section */

/* Begin PBXSourcesBuildPhase section */
		A00A78ED248D843000A43AB9 /* Sources */ = {
			isa = PBXSourcesBuildPhase;
			buildActionMask = 2147483647;
			files = (
				A00A78F5248D843000A43AB9 /* AppDelegate.swift in Sources */,
				A00A78F7248D843000A43AB9 /* SceneDelegate.swift in Sources */,
				A00A78F9248D843000A43AB9 /* ContentView.swift in Sources */,
			);
			runOnlyForDeploymentPostprocessing = 0;
		};
		A00A7903248D843300A43AB9 /* Sources */ = {
			isa = PBXSourcesBuildPhase;
			buildActionMask = 2147483647;
			files = (
				A00A790C248D843300A43AB9 /* tasksTests.swift in Sources */,
			);
			runOnlyForDeploymentPostprocessing = 0;
		};
		A00A790E248D843300A43AB9 /* Sources */ = {
			isa = PBXSourcesBuildPhase;
			buildActionMask = 2147483647;
			files = (
				A00A7917248D843300A43AB9 /* tasksUITests.swift in Sources */,
			);
			runOnlyForDeploymentPostprocessing = 0;
		};
/* End PBXSourcesBuildPhase section */

/* Begin PBXTargetDependency section */
		A00A7909248D843300A43AB9 /* PBXTargetDependency */ = {
			isa = PBXTargetDependency;
			target = A00A78F0248D843000A43AB9 /* tasks */;
			targetProxy = A00A7908248D843300A43AB9 /* PBXContainerItemProxy */;
		};
		A00A7914248D843300A43AB9 /* PBXTargetDependency */ = {
			isa = PBXTargetDependency;
			target = A00A78F0248D843000A43AB9 /* tasks */;
			targetProxy = A00A7913248D843300A43AB9 /* PBXContainerItemProxy */;
		};
/* End PBXTargetDependency section */

/* Begin PBXVariantGroup section */
		A00A78FF248D843300A43AB9 /* LaunchScreen.storyboard */ = {
			isa = PBXVariantGroup;
			children = (
				A00A7900248D843300A43AB9 /* Base */,
			);
			name = LaunchScreen.storyboard;
			sourceTree = "<group>";
		};
/* End PBXVariantGroup section */

/* Begin XCBuildConfiguration section */
		A00A7919248D843300A43AB9 /* Debug */ = {
			isa = XCBuildConfiguration;
			buildSettings = {
				ALWAYS_SEARCH_USER_PATHS = NO;
				CLANG_ANALYZER_NONNULL = YES;
				CLANG_ANALYZER_NUMBER_OBJECT_CONVERSION = YES_AGGRESSIVE;
				CLANG_CXX_LANGUAGE_STANDARD = "gnu++14";
				CLANG_CXX_LIBRARY = "libc++";
				CLANG_ENABLE_MODULES = YES;
				CLANG_ENABLE_OBJC_ARC = YES;
				CLANG_ENABLE_OBJC_WEAK = YES;
				CLANG_WARN_BLOCK_CAPTURE_AUTORELEASING = YES;
				CLANG_WARN_BOOL_CONVERSION = YES;
				CLANG_WARN_COMMA = YES;
				CLANG_WARN_CONSTANT_CONVERSION = YES;
				CLANG_WARN_DEPRECATED_OBJC_IMPLEMENTATIONS = YES;
				CLANG_WARN_DIRECT_OBJC_ISA_USAGE = YES_ERROR;
				CLANG_WARN_DOCUMENTATION_COMMENTS = YES;
				CLANG_WARN_EMPTY_BODY = YES;
				CLANG_WARN_ENUM_CONVERSION = YES;
				CLANG_WARN_INFINITE_RECURSION = YES;
				CLANG_WARN_INT_CONVERSION = YES;
				CLANG_WARN_NON_LITERAL_NULL_CONVERSION = YES;
				CLANG_WARN_OBJC_IMPLICIT_RETAIN_SELF = YES;
				CLANG_WARN_OBJC_LITERAL_CONVERSION = YES;
				CLANG_WARN_OBJC_ROOT_CLASS = YES_ERROR;
				CLANG_WARN_RANGE_LOOP_ANALYSIS = YES;
				CLANG_WARN_STRICT_PROTOTYPES = YES;
				CLANG_WARN_SUSPICIOUS_MOVE = YES;
				CLANG_WARN_UNGUARDED_AVAILABILITY = YES_AGGRESSIVE;
				CLANG_WARN_UNREACHABLE_CODE = YES;
				CLANG_WARN__DUPLICATE_METHOD_MATCH = YES;
				COPY_PHASE_STRIP = NO;
				DEBUG_INFORMATION_FORMAT = dwarf;
				ENABLE_STRICT_OBJC_MSGSEND = YES;
				ENABLE_TESTABILITY = YES;
				GCC_C_LANGUAGE_STANDARD = gnu11;
				GCC_DYNAMIC_NO_PIC = NO;
				GCC_NO_COMMON_BLOCKS = YES;
				GCC_OPTIMIZATION_LEVEL = 0;
				GCC_PREPROCESSOR_DEFINITIONS = (
					"DEBUG=1",
					"$(inherited)",
				);
				GCC_WARN_64_TO_32_BIT_CONVERSION = YES;
				GCC_WARN_ABOUT_RETURN_TYPE = YES_ERROR;
				GCC_WARN_UNDECLARED_SELECTOR = YES;
				GCC_WARN_UNINITIALIZED_AUTOS = YES_AGGRESSIVE;
				GCC_WARN_UNUSED_FUNCTION = YES;
				GCC_WARN_UNUSED_VARIABLE = YES;
				IPHONEOS_DEPLOYMENT_TARGET = 13.5;
				MTL_ENABLE_DEBUG_INFO = INCLUDE_SOURCE;
				MTL_FAST_MATH = YES;
				ONLY_ACTIVE_ARCH = YES;
				SDKROOT = iphoneos;
				SWIFT_ACTIVE_COMPILATION_CONDITIONS = DEBUG;
				SWIFT_OPTIMIZATION_LEVEL = "-Onone";
			};
			name = Debug;
		};
		A00A791A248D843300A43AB9 /* Release */ = {
			isa = XCBuildConfiguration;
			buildSettings = {
				ALWAYS_SEARCH_USER_PATHS = NO;
				CLANG_ANALYZER_NONNULL = YES;
				CLANG_ANALYZER_NUMBER_OBJECT_CONVERSION = YES_AGGRESSIVE;
				CLANG_CXX_LANGUAGE_STANDARD = "gnu++14";
				CLANG_CXX_LIBRARY = "libc++";
				CLANG_ENABLE_MODULES = YES;
				CLANG_ENABLE_OBJC_ARC = YES;
				CLANG_ENABLE_OBJC_WEAK = YES;
				CLANG_WARN_BLOCK_CAPTURE_AUTORELEASING = YES;
				CLANG_WARN_BOOL_CONVERSION = YES;
				CLANG_WARN_COMMA = YES;
				CLANG_WARN_CONSTANT_CONVERSION = YES;
				CLANG_WARN_DEPRECATED_OBJC_IMPLEMENTATIONS = YES;
				CLANG_WARN_DIRECT_OBJC_ISA_USAGE = YES_ERROR;
				CLANG_WARN_DOCUMENTATION_COMMENTS = YES;
				CLANG_WARN_EMPTY_BODY = YES;
				CLANG_WARN_ENUM_CONVERSION = YES;
				CLANG_WARN_INFINITE_RECURSION = YES;
				CLANG_WARN_INT_CONVERSION = YES;
				CLANG_WARN_NON_LITERAL_NULL_CONVERSION = YES;
				CLANG_WARN_OBJC_IMPLICIT_RETAIN_SELF = YES;
				CLANG_WARN_OBJC_LITERAL_CONVERSION = YES;
				CLANG_WARN_OBJC_ROOT_CLASS = YES_ERROR;
				CLANG_WARN_RANGE_LOOP_ANALYSIS = YES;
				CLANG_WARN_STRICT_PROTOTYPES = YES;
				CLANG_WARN_SUSPICIOUS_MOVE = YES;
				CLANG_WARN_UNGUARDED_AVAILABILITY = YES_AGGRESSIVE;
				CLANG_WARN_UNREACHABLE_CODE = YES;
				CLANG_WARN__DUPLICATE_METHOD_MATCH = YES;
				COPY_PHASE_STRIP = NO;
				DEBUG_INFORMATION_FORMAT = "dwarf-with-dsym";
				ENABLE_NS_ASSERTIONS = NO;
				ENABLE_STRICT_OBJC_MSGSEND = YES;
				GCC_C_LANGUAGE_STANDARD = gnu11;
				GCC_NO_COMMON_BLOCKS = YES;
				GCC_WARN_64_TO_32_BIT_CONVERSION = YES;
				GCC_WARN_ABOUT_RETURN_TYPE = YES_ERROR;
				GCC_WARN_UNDECLARED_SELECTOR = YES;
				GCC_WARN_UNINITIALIZED_AUTOS = YES_AGGRESSIVE;
				GCC_WARN_UNUSED_FUNCTION = YES;
				GCC_WARN_UNUSED_VARIABLE = YES;
				IPHONEOS_DEPLOYMENT_TARGET = 13.5;
				MTL_ENABLE_DEBUG_INFO = NO;
				MTL_FAST_MATH = YES;
				SDKROOT = iphoneos;
				SWIFT_COMPILATION_MODE = wholemodule;
				SWIFT_OPTIMIZATION_LEVEL = "-O";
				VALIDATE_PRODUCT = YES;
			};
			name = Release;
		};
		A00A791C248D843300A43AB9 /* Debug */ = {
			isa = XCBuildConfiguration;
			buildSettings = {
				ASSETCATALOG_COMPILER_APPICON_NAME = AppIcon;
				CODE_SIGN_STYLE = Automatic;
				DEVELOPMENT_ASSET_PATHS = "\"tasks/Preview Content\"";
				DEVELOPMENT_TEAM = QWSBPHB397;
				ENABLE_PREVIEWS = YES;
				INFOPLIST_FILE = tasks/Info.plist;
				LD_RUNPATH_SEARCH_PATHS = (
					"$(inherited)",
					"@executable_path/Frameworks",
				);
				PRODUCT_BUNDLE_IDENTIFIER = com.lisandro.tasks;
				PRODUCT_NAME = "$(TARGET_NAME)";
				SWIFT_VERSION = 5.0;
				TARGETED_DEVICE_FAMILY = "1,2";
			};
			name = Debug;
		};
		A00A791D248D843300A43AB9 /* Release */ = {
			isa = XCBuildConfiguration;
			buildSettings = {
				ASSETCATALOG_COMPILER_APPICON_NAME = AppIcon;
				CODE_SIGN_STYLE = Automatic;
				DEVELOPMENT_ASSET_PATHS = "\"tasks/Preview Content\"";
				DEVELOPMENT_TEAM = QWSBPHB397;
				ENABLE_PREVIEWS = YES;
				INFOPLIST_FILE = tasks/Info.plist;
				LD_RUNPATH_SEARCH_PATHS = (
					"$(inherited)",
					"@executable_path/Frameworks",
				);
				PRODUCT_BUNDLE_IDENTIFIER = com.lisandro.tasks;
				PRODUCT_NAME = "$(TARGET_NAME)";
				SWIFT_VERSION = 5.0;
				TARGETED_DEVICE_FAMILY = "1,2";
			};
			name = Release;
		};
		A00A791F248D843300A43AB9 /* Debug */ = {
			isa = XCBuildConfiguration;
			buildSettings = {
				ALWAYS_EMBED_SWIFT_STANDARD_LIBRARIES = YES;
				BUNDLE_LOADER = "$(TEST_HOST)";
				CODE_SIGN_STYLE = Automatic;
				DEVELOPMENT_TEAM = QWSBPHB397;
				INFOPLIST_FILE = tasksTests/Info.plist;
				IPHONEOS_DEPLOYMENT_TARGET = 13.5;
				LD_RUNPATH_SEARCH_PATHS = (
					"$(inherited)",
					"@executable_path/Frameworks",
					"@loader_path/Frameworks",
				);
				PRODUCT_BUNDLE_IDENTIFIER = com.lisandro.tasksTests;
				PRODUCT_NAME = "$(TARGET_NAME)";
				SWIFT_VERSION = 5.0;
				TARGETED_DEVICE_FAMILY = "1,2";
				TEST_HOST = "$(BUILT_PRODUCTS_DIR)/tasks.app/tasks";
			};
			name = Debug;
		};
		A00A7920248D843300A43AB9 /* Release */ = {
			isa = XCBuildConfiguration;
			buildSettings = {
				ALWAYS_EMBED_SWIFT_STANDARD_LIBRARIES = YES;
				BUNDLE_LOADER = "$(TEST_HOST)";
				CODE_SIGN_STYLE = Automatic;
				DEVELOPMENT_TEAM = QWSBPHB397;
				INFOPLIST_FILE = tasksTests/Info.plist;
				IPHONEOS_DEPLOYMENT_TARGET = 13.5;
				LD_RUNPATH_SEARCH_PATHS = (
					"$(inherited)",
					"@executable_path/Frameworks",
					"@loader_path/Frameworks",
				);
				PRODUCT_BUNDLE_IDENTIFIER = com.lisandro.tasksTests;
				PRODUCT_NAME = "$(TARGET_NAME)";
				SWIFT_VERSION = 5.0;
				TARGETED_DEVICE_FAMILY = "1,2";
				TEST_HOST = "$(BUILT_PRODUCTS_DIR)/tasks.app/tasks";
			};
			name = Release;
		};
		A00A7922248D843300A43AB9 /* Debug */ = {
			isa = XCBuildConfiguration;
			buildSettings = {
				ALWAYS_EMBED_SWIFT_STANDARD_LIBRARIES = YES;
				CODE_SIGN_STYLE = Automatic;
				DEVELOPMENT_TEAM = QWSBPHB397;
				INFOPLIST_FILE = tasksUITests/Info.plist;
				LD_RUNPATH_SEARCH_PATHS = (
					"$(inherited)",
					"@executable_path/Frameworks",
					"@loader_path/Frameworks",
				);
				PRODUCT_BUNDLE_IDENTIFIER = com.lisandro.tasksUITests;
				PRODUCT_NAME = "$(TARGET_NAME)";
				SWIFT_VERSION = 5.0;
				TARGETED_DEVICE_FAMILY = "1,2";
				TEST_TARGET_NAME = tasks;
			};
			name = Debug;
		};
		A00A7923248D843300A43AB9 /* Release */ = {
			isa = XCBuildConfiguration;
			buildSettings = {
				ALWAYS_EMBED_SWIFT_STANDARD_LIBRARIES = YES;
				CODE_SIGN_STYLE = Automatic;
				DEVELOPMENT_TEAM = QWSBPHB397;
				INFOPLIST_FILE = tasksUITests/Info.plist;
				LD_RUNPATH_SEARCH_PATHS = (
					"$(inherited)",
					"@executable_path/Frameworks",
					"@loader_path/Frameworks",
				);
				PRODUCT_BUNDLE_IDENTIFIER = com.lisandro.tasksUITests;
				PRODUCT_NAME = "$(TARGET_NAME)";
				SWIFT_VERSION = 5.0;
				TARGETED_DEVICE_FAMILY = "1,2";
				TEST_TARGET_NAME = tasks;
			};
			name = Release;
		};
/* End XCBuildConfiguration section */

/* Begin XCConfigurationList section */
		A00A78EC248D843000A43AB9 /* Build configuration list for PBXProject "tasks" */ = {
			isa = XCConfigurationList;
			buildConfigurations = (
				A00A7919248D843300A43AB9 /* Debug */,
				A00A791A248D843300A43AB9 /* Release */,
			);
			defaultConfigurationIsVisible = 0;
			defaultConfigurationName = Release;
		};
		A00A791B248D843300A43AB9 /* Build configuration list for PBXNativeTarget "tasks" */ = {
			isa = XCConfigurationList;
			buildConfigurations = (
				A00A791C248D843300A43AB9 /* Debug */,
				A00A791D248D843300A43AB9 /* Release */,
			);
			defaultConfigurationIsVisible = 0;
			defaultConfigurationName = Release;
		};
		A00A791E248D843300A43AB9 /* Build configuration list for PBXNativeTarget "tasksTests" */ = {
			isa = XCConfigurationList;
			buildConfigurations = (
				A00A791F248D843300A43AB9 /* Debug */,
				A00A7920248D843300A43AB9 /* Release */,
			);
			defaultConfigurationIsVisible = 0;
			defaultConfigurationName = Release;
		};
		A00A7921248D843300A43AB9 /* Build configuration list for PBXNativeTarget "tasksUITests" */ = {
			isa = XCConfigurationList;
			buildConfigurations = (
				A00A7922248D843300A43AB9 /* Debug */,
				A00A7923248D843300A43AB9 /* Release */,
			);
			defaultConfigurationIsVisible = 0;
			defaultConfigurationName = Release;
		};
/* End XCConfigurationList section */
	};
	rootObject = A00A78E9248D843000A43AB9 /* Project object */;
}
